
Microsoft Visual Studio Solution File, Format Version 12.00
# Visual Studio Version 17
VisualStudioVersion = 17.7.34009.444
MinimumVisualStudioVersion = 10.0.40219.1
Project("{9A19103F-16F7-4668-BE54-9A1E7A4F7556}") = "SuperFairCassinoAPI", "SupeFairCassinoAPI\SuperFairCassinoAPI.csproj", "{323D6799-F24A-4BCB-93CA-66A32238FDA1}"
EndProject
Project("{2150E333-8FDC-42A3-9474-1A3956D46DE8}") = "Solution Items", "Solution Items", "{3869C154-0C26-47FD-8158-0A602C4917FC}"
	ProjectSection(SolutionItems) = preProject
		.gitignore = .gitignore
	EndProjectSection
EndProject
Global
	GlobalSection(SolutionConfigurationPlatforms) = preSolution
		Debug|Any CPU = Debug|Any CPU
		Release|Any CPU = Release|Any CPU
	EndGlobalSection
	GlobalSection(ProjectConfigurationPlatforms) = postSolution
		{323D6799-F24A-4BCB-93CA-66A32238FDA1}.Debug|Any CPU.ActiveCfg = Debug|Any CPU
		{323D6799-F24A-4BCB-93CA-66A32238FDA1}.Debug|Any CPU.Build.0 = Debug|Any CPU
		{323D6799-F24A-4BCB-93CA-66A32238FDA1}.Release|Any CPU.ActiveCfg = Release|Any CPU
		{323D6799-F24A-4BCB-93CA-66A32238FDA1}.Release|Any CPU.Build.0 = Release|Any CPU
	EndGlobalSection
	GlobalSection(SolutionProperties) = preSolution
		HideSolutionNode = FALSE
	EndGlobalSection
	GlobalSection(ExtensibilityGlobals) = postSolution
		SolutionGuid = {F78B9941-E72F-4AA6-863C-E5849F9AE6DF}
	EndGlobalSection
EndGlobal
